
Microsoft Visual Studio Solution File, Format Version 12.00
# Visual Studio Version 17
VisualStudioVersion = 17.14.36203.30 d17.14
MinimumVisualStudioVersion = 10.0.40219.1
Project("{FAE04EC0-301F-11D3-BF4B-00C04F79EFBC}") = "19p_libexample_llong", "19p_libexample_llong\19p_libexample_llong.csproj", "{F885DC79-A60C-4454-BE2F-1BE309EE606E}"
EndProject
Global
	GlobalSection(SolutionConfigurationPlatforms) = preSolution
		Debug|Any CPU = Debug|Any CPU
		Release|Any CPU = Release|Any CPU
	EndGlobalSection
	GlobalSection(ProjectConfigurationPlatforms) = postSolution
		{F885DC79-A60C-4454-BE2F-1BE309EE606E}.Debug|Any CPU.ActiveCfg = Debug|Any CPU
		{F885DC79-A60C-4454-BE2F-1BE309EE606E}.Debug|Any CPU.Build.0 = Debug|Any CPU
		{F885DC79-A60C-4454-BE2F-1BE309EE606E}.Release|Any CPU.ActiveCfg = Release|Any CPU
		{F885DC79-A60C-4454-BE2F-1BE309EE606E}.Release|Any CPU.Build.0 = Release|Any CPU
	EndGlobalSection
	GlobalSection(SolutionProperties) = preSolution
		HideSolutionNode = FALSE
	EndGlobalSection
	GlobalSection(ExtensibilityGlobals) = postSolution
		SolutionGuid = {993D32CA-3A57-41D7-9BD5-D30CB98C7E55}
	EndGlobalSection
EndGlobal
