
Microsoft Visual Studio Solution File, Format Version 12.00
# Visual Studio Version 17
VisualStudioVersion = 17.14.36203.30 d17.14
MinimumVisualStudioVersion = 10.0.40219.1
Project("{FAE04EC0-301F-11D3-BF4B-00C04F79EFBC}") = "gemini_28p_switch", "gemini_28p_switch\gemini_28p_switch.csproj", "{64EEF453-2318-44EE-9522-7F02C83C65ED}"
EndProject
Global
	GlobalSection(SolutionConfigurationPlatforms) = preSolution
		Debug|Any CPU = Debug|Any CPU
		Release|Any CPU = Release|Any CPU
	EndGlobalSection
	GlobalSection(ProjectConfigurationPlatforms) = postSolution
		{64EEF453-2318-44EE-9522-7F02C83C65ED}.Debug|Any CPU.ActiveCfg = Debug|Any CPU
		{64EEF453-2318-44EE-9522-7F02C83C65ED}.Debug|Any CPU.Build.0 = Debug|Any CPU
		{64EEF453-2318-44EE-9522-7F02C83C65ED}.Release|Any CPU.ActiveCfg = Release|Any CPU
		{64EEF453-2318-44EE-9522-7F02C83C65ED}.Release|Any CPU.Build.0 = Release|Any CPU
	EndGlobalSection
	GlobalSection(SolutionProperties) = preSolution
		HideSolutionNode = FALSE
	EndGlobalSection
	GlobalSection(ExtensibilityGlobals) = postSolution
		SolutionGuid = {8D969D88-CA19-4943-8845-45EC7181AD33}
	EndGlobalSection
EndGlobal
