
Microsoft Visual Studio Solution File, Format Version 12.00
# Visual Studio Version 17
VisualStudioVersion = 17.14.36203.30 d17.14
MinimumVisualStudioVersion = 10.0.40219.1
Project("{FAE04EC0-301F-11D3-BF4B-00C04F79EFBC}") = "76p_constructor", "76p_constructor\76p_constructor.csproj", "{F41AEBC5-6F77-48BD-9C6F-D0FBE44D3929}"
EndProject
Global
	GlobalSection(SolutionConfigurationPlatforms) = preSolution
		Debug|Any CPU = Debug|Any CPU
		Release|Any CPU = Release|Any CPU
	EndGlobalSection
	GlobalSection(ProjectConfigurationPlatforms) = postSolution
		{F41AEBC5-6F77-48BD-9C6F-D0FBE44D3929}.Debug|Any CPU.ActiveCfg = Debug|Any CPU
		{F41AEBC5-6F77-48BD-9C6F-D0FBE44D3929}.Debug|Any CPU.Build.0 = Debug|Any CPU
		{F41AEBC5-6F77-48BD-9C6F-D0FBE44D3929}.Release|Any CPU.ActiveCfg = Release|Any CPU
		{F41AEBC5-6F77-48BD-9C6F-D0FBE44D3929}.Release|Any CPU.Build.0 = Release|Any CPU
	EndGlobalSection
	GlobalSection(SolutionProperties) = preSolution
		HideSolutionNode = FALSE
	EndGlobalSection
	GlobalSection(ExtensibilityGlobals) = postSolution
		SolutionGuid = {4C8736D8-BD6B-4755-9D52-0D185A027CA8}
	EndGlobalSection
EndGlobal
