
Microsoft Visual Studio Solution File, Format Version 12.00
# Visual Studio Version 17
VisualStudioVersion = 17.14.36203.30 d17.14
MinimumVisualStudioVersion = 10.0.40219.1
Project("{FAE04EC0-301F-11D3-BF4B-00C04F79EFBC}") = "45p_gemini", "45p_gemini\45p_gemini.csproj", "{66347441-9FCE-467E-B51A-63210D1EF2B2}"
EndProject
Global
	GlobalSection(SolutionConfigurationPlatforms) = preSolution
		Debug|Any CPU = Debug|Any CPU
		Release|Any CPU = Release|Any CPU
	EndGlobalSection
	GlobalSection(ProjectConfigurationPlatforms) = postSolution
		{66347441-9FCE-467E-B51A-63210D1EF2B2}.Debug|Any CPU.ActiveCfg = Debug|Any CPU
		{66347441-9FCE-467E-B51A-63210D1EF2B2}.Debug|Any CPU.Build.0 = Debug|Any CPU
		{66347441-9FCE-467E-B51A-63210D1EF2B2}.Release|Any CPU.ActiveCfg = Release|Any CPU
		{66347441-9FCE-467E-B51A-63210D1EF2B2}.Release|Any CPU.Build.0 = Release|Any CPU
	EndGlobalSection
	GlobalSection(SolutionProperties) = preSolution
		HideSolutionNode = FALSE
	EndGlobalSection
	GlobalSection(ExtensibilityGlobals) = postSolution
		SolutionGuid = {FFB3EF3B-DBEA-4298-B3B9-3AE3A369FBFF}
	EndGlobalSection
EndGlobal
